
Microsoft Visual Studio Solution File, Format Version 12.00
# Visual Studio 11
Project("{FAE04EC0-301F-11D3-BF4B-00C04F79EFBC}") = "CrackerJack.OAuth", "CrackerJack.OAuth\CrackerJack.OAuth.csproj", "{FC4244BA-992C-46CF-926F-B4B777363428}"
EndProject
Global
	GlobalSection(SolutionConfigurationPlatforms) = preSolution
		Debug|Any CPU = Debug|Any CPU
		Debug|x64 = Debug|x64
		Debug|x86 = Debug|x86
		Mixed Platforms|Any CPU = Mixed Platforms|Any CPU
		Mixed Platforms|x64 = Mixed Platforms|x64
		Mixed Platforms|x86 = Mixed Platforms|x86
		Production|Any CPU = Production|Any CPU
		Production|x64 = Production|x64
		Production|x86 = Production|x86
		QA|Any CPU = QA|Any CPU
		QA|x64 = QA|x64
		QA|x86 = QA|x86
		Release|Any CPU = Release|Any CPU
		Release|x64 = Release|x64
		Release|x86 = Release|x86
	EndGlobalSection
	GlobalSection(ProjectConfigurationPlatforms) = postSolution
		{FC4244BA-992C-46CF-926F-B4B777363428}.Debug|Any CPU.ActiveCfg = Debug|Any CPU
		{FC4244BA-992C-46CF-926F-B4B777363428}.Debug|Any CPU.Build.0 = Debug|Any CPU
		{FC4244BA-992C-46CF-926F-B4B777363428}.Debug|x64.ActiveCfg = Debug|Any CPU
		{FC4244BA-992C-46CF-926F-B4B777363428}.Debug|x86.ActiveCfg = Debug|Any CPU
		{FC4244BA-992C-46CF-926F-B4B777363428}.Mixed Platforms|Any CPU.ActiveCfg = Release|Any CPU
		{FC4244BA-992C-46CF-926F-B4B777363428}.Mixed Platforms|Any CPU.Build.0 = Release|Any CPU
		{FC4244BA-992C-46CF-926F-B4B777363428}.Mixed Platforms|x64.ActiveCfg = Release|Any CPU
		{FC4244BA-992C-46CF-926F-B4B777363428}.Mixed Platforms|x86.ActiveCfg = Release|Any CPU
		{FC4244BA-992C-46CF-926F-B4B777363428}.Production|Any CPU.ActiveCfg = Release|Any CPU
		{FC4244BA-992C-46CF-926F-B4B777363428}.Production|Any CPU.Build.0 = Release|Any CPU
		{FC4244BA-992C-46CF-926F-B4B777363428}.Production|x64.ActiveCfg = Release|Any CPU
		{FC4244BA-992C-46CF-926F-B4B777363428}.Production|x86.ActiveCfg = Release|Any CPU
		{FC4244BA-992C-46CF-926F-B4B777363428}.QA|Any CPU.ActiveCfg = Release|Any CPU
		{FC4244BA-992C-46CF-926F-B4B777363428}.QA|Any CPU.Build.0 = Release|Any CPU
		{FC4244BA-992C-46CF-926F-B4B777363428}.QA|x64.ActiveCfg = Release|Any CPU
		{FC4244BA-992C-46CF-926F-B4B777363428}.QA|x86.ActiveCfg = Release|Any CPU
		{FC4244BA-992C-46CF-926F-B4B777363428}.Release|Any CPU.ActiveCfg = Release|Any CPU
		{FC4244BA-992C-46CF-926F-B4B777363428}.Release|Any CPU.Build.0 = Release|Any CPU
		{FC4244BA-992C-46CF-926F-B4B777363428}.Release|x64.ActiveCfg = Release|Any CPU
		{FC4244BA-992C-46CF-926F-B4B777363428}.Release|x86.ActiveCfg = Release|Any CPU
	EndGlobalSection
	GlobalSection(SolutionProperties) = preSolution
		HideSolutionNode = FALSE
	EndGlobalSection
EndGlobal
