
Microsoft Visual Studio Solution File, Format Version 12.00
# Visual Studio 11
Project("{FAE04EC0-301F-11D3-BF4B-00C04F79EFBC}") = "MVC3Sample", "MVC3Sample\MVC3Sample.csproj", "{8DE5B886-3454-4EE1-93EF-0737AB548F91}"
EndProject
Project("{FAE04EC0-301F-11D3-BF4B-00C04F79EFBC}") = "Samples.Core", "Samples.Core\Samples.Core.csproj", "{06C23BEA-1A09-4FB6-9766-5E474E7B32B1}"
EndProject
Project("{FAE04EC0-301F-11D3-BF4B-00C04F79EFBC}") = "WebApiSample", "WebApiSample\WebApiSample.csproj", "{95E8328E-507E-4B33-989D-ECD2A267818E}"
EndProject
Global
	GlobalSection(SolutionConfigurationPlatforms) = preSolution
		Debug|Any CPU = Debug|Any CPU
		Release|Any CPU = Release|Any CPU
	EndGlobalSection
	GlobalSection(ProjectConfigurationPlatforms) = postSolution
		{06C23BEA-1A09-4FB6-9766-5E474E7B32B1}.Debug|Any CPU.ActiveCfg = Debug|Any CPU
		{06C23BEA-1A09-4FB6-9766-5E474E7B32B1}.Debug|Any CPU.Build.0 = Debug|Any CPU
		{06C23BEA-1A09-4FB6-9766-5E474E7B32B1}.Release|Any CPU.ActiveCfg = Release|Any CPU
		{06C23BEA-1A09-4FB6-9766-5E474E7B32B1}.Release|Any CPU.Build.0 = Release|Any CPU
		{8DE5B886-3454-4EE1-93EF-0737AB548F91}.Debug|Any CPU.ActiveCfg = Debug|Any CPU
		{8DE5B886-3454-4EE1-93EF-0737AB548F91}.Debug|Any CPU.Build.0 = Debug|Any CPU
		{8DE5B886-3454-4EE1-93EF-0737AB548F91}.Release|Any CPU.ActiveCfg = Release|Any CPU
		{8DE5B886-3454-4EE1-93EF-0737AB548F91}.Release|Any CPU.Build.0 = Release|Any CPU
		{95E8328E-507E-4B33-989D-ECD2A267818E}.Debug|Any CPU.ActiveCfg = Debug|Any CPU
		{95E8328E-507E-4B33-989D-ECD2A267818E}.Debug|Any CPU.Build.0 = Debug|Any CPU
		{95E8328E-507E-4B33-989D-ECD2A267818E}.Release|Any CPU.ActiveCfg = Release|Any CPU
		{95E8328E-507E-4B33-989D-ECD2A267818E}.Release|Any CPU.Build.0 = Release|Any CPU
	EndGlobalSection
	GlobalSection(SolutionProperties) = preSolution
		HideSolutionNode = FALSE
	EndGlobalSection
EndGlobal
